// !$*UTF8*$!
{
	archiveVersion = 1;
	classes = {
	};
	objectVersion = 46;
	objects = {

/* Begin PBXBuildFile section */
		8618F1F31ED73E5C00E2ED6A /* Student.swift in Sources */ = {isa = PBXBuildFile; fileRef = 8618F1F21ED73E5C00E2ED6A /* Student.swift */; };
		8618F1F51ED73ECC00E2ED6A /* StudentViewController.swift in Sources */ = {isa = PBXBuildFile; fileRef = 8618F1F41ED73ECC00E2ED6A /* StudentViewController.swift */; };
		8618F1F71ED7455700E2ED6A /* StudentCell.swift in Sources */ = {isa = PBXBuildFile; fileRef = 8618F1F61ED7455700E2ED6A /* StudentCell.swift */; };
		8618F1FA1ED74B6D00E2ED6A /* StudentDataTransferViewController.swift in Sources */ = {isa = PBXBuildFile; fileRef = 8618F1F91ED74B6D00E2ED6A /* StudentDataTransferViewController.swift */; };
		861D593E1ED6B07D005400C0 /* AppDelegate.swift in Sources */ = {isa = PBXBuildFile; fileRef = 861D593D1ED6B07D005400C0 /* AppDelegate.swift */; };
		861D59401ED6B07D005400C0 /* ViewController.swift in Sources */ = {isa = PBXBuildFile; fileRef = 861D593F1ED6B07D005400C0 /* ViewController.swift */; };
		861D59431ED6B07D005400C0 /* Main.storyboard in Resources */ = {isa = PBXBuildFile; fileRef = 861D59411ED6B07D005400C0 /* Main.storyboard */; };
		861D59451ED6B07D005400C0 /* Assets.xcassets in Resources */ = {isa = PBXBuildFile; fileRef = 861D59441ED6B07D005400C0 /* Assets.xcassets */; };
		861D59481ED6B07D005400C0 /* LaunchScreen.storyboard in Resources */ = {isa = PBXBuildFile; fileRef = 861D59461ED6B07D005400C0 /* LaunchScreen.storyboard */; };
		861D59521ED6B0D5005400C0 /* Person.swift in Sources */ = {isa = PBXBuildFile; fileRef = 861D59511ED6B0D5005400C0 /* Person.swift */; };
		861D59541ED6B13C005400C0 /* UserViewController.swift in Sources */ = {isa = PBXBuildFile; fileRef = 861D59531ED6B13C005400C0 /* UserViewController.swift */; };
		861D59571ED6BB13005400C0 /* PersonCell.swift in Sources */ = {isa = PBXBuildFile; fileRef = 861D59561ED6BB13005400C0 /* PersonCell.swift */; };
		86B4543B1ED6DF8400BCF5D8 /* CustomerViewController.swift in Sources */ = {isa = PBXBuildFile; fileRef = 86B4543A1ED6DF8400BCF5D8 /* CustomerViewController.swift */; };
		86B4543D1ED6E03200BCF5D8 /* Customer.swift in Sources */ = {isa = PBXBuildFile; fileRef = 86B4543C1ED6E03200BCF5D8 /* Customer.swift */; };
		86B4543F1ED6E93700BCF5D8 /* UserDetailsTransferViewController.swift in Sources */ = {isa = PBXBuildFile; fileRef = 86B4543E1ED6E93700BCF5D8 /* UserDetailsTransferViewController.swift */; };
		86B454411ED6FBF200BCF5D8 /* CustomerCell.swift in Sources */ = {isa = PBXBuildFile; fileRef = 86B454401ED6FBF200BCF5D8 /* CustomerCell.swift */; };
		86B454431ED7064D00BCF5D8 /* CustomerDataTransferViewController.swift in Sources */ = {isa = PBXBuildFile; fileRef = 86B454421ED7064D00BCF5D8 /* CustomerDataTransferViewController.swift */; };
/* End PBXBuildFile section */

/* Begin PBXFileReference section */
		8618F1F21ED73E5C00E2ED6A /* Student.swift */ = {isa = PBXFileReference; fileEncoding = 4; lastKnownFileType = sourcecode.swift; path = Student.swift; sourceTree = "<group>"; };
		8618F1F41ED73ECC00E2ED6A /* StudentViewController.swift */ = {isa = PBXFileReference; fileEncoding = 4; lastKnownFileType = sourcecode.swift; path = StudentViewController.swift; sourceTree = "<group>"; };
		8618F1F61ED7455700E2ED6A /* StudentCell.swift */ = {isa = PBXFileReference; fileEncoding = 4; lastKnownFileType = sourcecode.swift; path = StudentCell.swift; sourceTree = "<group>"; };
		8618F1F91ED74B6D00E2ED6A /* StudentDataTransferViewController.swift */ = {isa = PBXFileReference; fileEncoding = 4; lastKnownFileType = sourcecode.swift; path = StudentDataTransferViewController.swift; sourceTree = "<group>"; };
		861D593A1ED6B07D005400C0 /* MyUserView.app */ = {isa = PBXFileReference; explicitFileType = wrapper.application; includeInIndex = 0; path = MyUserView.app; sourceTree = BUILT_PRODUCTS_DIR; };
		861D593D1ED6B07D005400C0 /* AppDelegate.swift */ = {isa = PBXFileReference; lastKnownFileType = sourcecode.swift; path = AppDelegate.swift; sourceTree = "<group>"; };
		861D593F1ED6B07D005400C0 /* ViewController.swift */ = {isa = PBXFileReference; lastKnownFileType = sourcecode.swift; path = ViewController.swift; sourceTree = "<group>"; };
		861D59421ED6B07D005400C0 /* Base */ = {isa = PBXFileReference; lastKnownFileType = file.storyboard; name = Base; path = Base.lproj/Main.storyboard; sourceTree = "<group>"; };
		861D59441ED6B07D005400C0 /* Assets.xcassets */ = {isa = PBXFileReference; lastKnownFileType = folder.assetcatalog; path = Assets.xcassets; sourceTree = "<group>"; };
		861D59471ED6B07D005400C0 /* Base */ = {isa = PBXFileReference; lastKnownFileType = file.storyboard; name = Base; path = Base.lproj/LaunchScreen.storyboard; sourceTree = "<group>"; };
		861D59491ED6B07D005400C0 /* Info.plist */ = {isa = PBXFileReference; lastKnownFileType = text.plist.xml; path = Info.plist; sourceTree = "<group>"; };
		861D59511ED6B0D5005400C0 /* Person.swift */ = {isa = PBXFileReference; fileEncoding = 4; lastKnownFileType = sourcecode.swift; path = Person.swift; sourceTree = "<group>"; };
		861D59531ED6B13C005400C0 /* UserViewController.swift */ = {isa = PBXFileReference; fileEncoding = 4; lastKnownFileType = sourcecode.swift; path = UserViewController.swift; sourceTree = "<group>"; };
		861D59561ED6BB13005400C0 /* PersonCell.swift */ = {isa = PBXFileReference; fileEncoding = 4; lastKnownFileType = sourcecode.swift; path = PersonCell.swift; sourceTree = "<group>"; };
		86B4543A1ED6DF8400BCF5D8 /* CustomerViewController.swift */ = {isa = PBXFileReference; fileEncoding = 4; lastKnownFileType = sourcecode.swift; path = CustomerViewController.swift; sourceTree = "<group>"; };
		86B4543C1ED6E03200BCF5D8 /* Customer.swift */ = {isa = PBXFileReference; fileEncoding = 4; lastKnownFileType = sourcecode.swift; path = Customer.swift; sourceTree = "<group>"; };
		86B4543E1ED6E93700BCF5D8 /* UserDetailsTransferViewController.swift */ = {isa = PBXFileReference; fileEncoding = 4; lastKnownFileType = sourcecode.swift; path = UserDetailsTransferViewController.swift; sourceTree = "<group>"; };
		86B454401ED6FBF200BCF5D8 /* CustomerCell.swift */ = {isa = PBXFileReference; fileEncoding = 4; lastKnownFileType = sourcecode.swift; path = CustomerCell.swift; sourceTree = "<group>"; };
		86B454421ED7064D00BCF5D8 /* CustomerDataTransferViewController.swift */ = {isa = PBXFileReference; fileEncoding = 4; lastKnownFileType = sourcecode.swift; path = CustomerDataTransferViewController.swift; sourceTree = "<group>"; };
/* End PBXFileReference section */

/* Begin PBXFrameworksBuildPhase section */
		861D59371ED6B07D005400C0 /* Frameworks */ = {
			isa = PBXFrameworksBuildPhase;
			buildActionMask = 2147483647;
			files = (
			);
			runOnlyForDeploymentPostprocessing = 0;
		};
/* End PBXFrameworksBuildPhase section */

/* Begin PBXGroup section */
		861D59311ED6B07D005400C0 = {
			isa = PBXGroup;
			children = (
				861D593C1ED6B07D005400C0 /* MyUserView */,
				861D593B1ED6B07D005400C0 /* Products */,
			);
			sourceTree = "<group>";
		};
		861D593B1ED6B07D005400C0 /* Products */ = {
			isa = PBXGroup;
			children = (
				861D593A1ED6B07D005400C0 /* MyUserView.app */,
			);
			name = Products;
			sourceTree = "<group>";
		};
		861D593C1ED6B07D005400C0 /* MyUserView */ = {
			isa = PBXGroup;
			children = (
				861D59551ED6BAEB005400C0 /* CustomCell */,
				861D594F1ED6B0AB005400C0 /* MyDataFiles */,
				861D593D1ED6B07D005400C0 /* AppDelegate.swift */,
				861D593F1ED6B07D005400C0 /* ViewController.swift */,
				861D59411ED6B07D005400C0 /* Main.storyboard */,
				861D59441ED6B07D005400C0 /* Assets.xcassets */,
				861D59461ED6B07D005400C0 /* LaunchScreen.storyboard */,
				861D59491ED6B07D005400C0 /* Info.plist */,
				861D59531ED6B13C005400C0 /* UserViewController.swift */,
				86B4543A1ED6DF8400BCF5D8 /* CustomerViewController.swift */,
				86B4543E1ED6E93700BCF5D8 /* UserDetailsTransferViewController.swift */,
				86B454421ED7064D00BCF5D8 /* CustomerDataTransferViewController.swift */,
				8618F1F41ED73ECC00E2ED6A /* StudentViewController.swift */,
				8618F1F91ED74B6D00E2ED6A /* StudentDataTransferViewController.swift */,
			);
			path = MyUserView;
			sourceTree = "<group>";
		};
		861D594F1ED6B0AB005400C0 /* MyDataFiles */ = {
			isa = PBXGroup;
			children = (
				861D59511ED6B0D5005400C0 /* Person.swift */,
				86B4543C1ED6E03200BCF5D8 /* Customer.swift */,
				8618F1F21ED73E5C00E2ED6A /* Student.swift */,
			);
			name = MyDataFiles;
			sourceTree = "<group>";
		};
		861D59551ED6BAEB005400C0 /* CustomCell */ = {
			isa = PBXGroup;
			children = (
				861D59561ED6BB13005400C0 /* PersonCell.swift */,
				86B454401ED6FBF200BCF5D8 /* CustomerCell.swift */,
				8618F1F61ED7455700E2ED6A /* StudentCell.swift */,
			);
			name = CustomCell;
			sourceTree = "<group>";
		};
/* End PBXGroup section */

/* Begin PBXNativeTarget section */
		861D59391ED6B07D005400C0 /* MyUserView */ = {
			isa = PBXNativeTarget;
			buildConfigurationList = 861D594C1ED6B07D005400C0 /* Build configuration list for PBXNativeTarget "MyUserView" */;
			buildPhases = (
				861D59361ED6B07D005400C0 /* Sources */,
				861D59371ED6B07D005400C0 /* Frameworks */,
				861D59381ED6B07D005400C0 /* Resources */,
			);
			buildRules = (
			);
			dependencies = (
			);
			name = MyUserView;
			productName = MyUserView;
			productReference = 861D593A1ED6B07D005400C0 /* MyUserView.app */;
			productType = "com.apple.product-type.application";
		};
/* End PBXNativeTarget section */

/* Begin PBXProject section */
		861D59321ED6B07D005400C0 /* Project object */ = {
			isa = PBXProject;
			attributes = {
				LastSwiftUpdateCheck = 0810;
				LastUpgradeCheck = 0810;
				ORGANIZATIONNAME = "Elegant Media";
				TargetAttributes = {
					861D59391ED6B07D005400C0 = {
						CreatedOnToolsVersion = 8.1;
						ProvisioningStyle = Automatic;
					};
				};
			};
			buildConfigurationList = 861D59351ED6B07D005400C0 /* Build configuration list for PBXProject "MyUserView" */;
			compatibilityVersion = "Xcode 3.2";
			developmentRegion = English;
			hasScannedForEncodings = 0;
			knownRegions = (
				en,
				Base,
			);
			mainGroup = 861D59311ED6B07D005400C0;
			productRefGroup = 861D593B1ED6B07D005400C0 /* Products */;
			projectDirPath = "";
			projectRoot = "";
			targets = (
				861D59391ED6B07D005400C0 /* MyUserView */,
			);
		};
/* End PBXProject section */

/* Begin PBXResourcesBuildPhase section */
		861D59381ED6B07D005400C0 /* Resources */ = {
			isa = PBXResourcesBuildPhase;
			buildActionMask = 2147483647;
			files = (
				861D59481ED6B07D005400C0 /* LaunchScreen.storyboard in Resources */,
				861D59451ED6B07D005400C0 /* Assets.xcassets in Resources */,
				861D59431ED6B07D005400C0 /* Main.storyboard in Resources */,
			);
			runOnlyForDeploymentPostprocessing = 0;
		};
/* End PBXResourcesBuildPhase section */

/* Begin PBXSourcesBuildPhase section */
		861D59361ED6B07D005400C0 /* Sources */ = {
			isa = PBXSourcesBuildPhase;
			buildActionMask = 2147483647;
			files = (
				8618F1F51ED73ECC00E2ED6A /* StudentViewController.swift in Sources */,
				86B4543B1ED6DF8400BCF5D8 /* CustomerViewController.swift in Sources */,
				86B4543D1ED6E03200BCF5D8 /* Customer.swift in Sources */,
				861D59521ED6B0D5005400C0 /* Person.swift in Sources */,
				8618F1F31ED73E5C00E2ED6A /* Student.swift in Sources */,
				86B454431ED7064D00BCF5D8 /* CustomerDataTransferViewController.swift in Sources */,
				8618F1F71ED7455700E2ED6A /* StudentCell.swift in Sources */,
				86B4543F1ED6E93700BCF5D8 /* UserDetailsTransferViewController.swift in Sources */,
				86B454411ED6FBF200BCF5D8 /* CustomerCell.swift in Sources */,
				861D59571ED6BB13005400C0 /* PersonCell.swift in Sources */,
				861D59541ED6B13C005400C0 /* UserViewController.swift in Sources */,
				8618F1FA1ED74B6D00E2ED6A /* StudentDataTransferViewController.swift in Sources */,
				861D59401ED6B07D005400C0 /* ViewController.swift in Sources */,
				861D593E1ED6B07D005400C0 /* AppDelegate.swift in Sources */,
			);
			runOnlyForDeploymentPostprocessing = 0;
		};
/* End PBXSourcesBuildPhase section */

/* Begin PBXVariantGroup section */
		861D59411ED6B07D005400C0 /* Main.storyboard */ = {
			isa = PBXVariantGroup;
			children = (
				861D59421ED6B07D005400C0 /* Base */,
			);
			name = Main.storyboard;
			sourceTree = "<group>";
		};
		861D59461ED6B07D005400C0 /* LaunchScreen.storyboard */ = {
			isa = PBXVariantGroup;
			children = (
				861D59471ED6B07D005400C0 /* Base */,
			);
			name = LaunchScreen.storyboard;
			sourceTree = "<group>";
		};
/* End PBXVariantGroup section */

/* Begin XCBuildConfiguration section */
		861D594A1ED6B07D005400C0 /* Debug */ = {
			isa = XCBuildConfiguration;
			buildSettings = {
				ALWAYS_SEARCH_USER_PATHS = NO;
				CLANG_ANALYZER_NONNULL = YES;
				CLANG_CXX_LANGUAGE_STANDARD = "gnu++0x";
				CLANG_CXX_LIBRARY = "libc++";
				CLANG_ENABLE_MODULES = YES;
				CLANG_ENABLE_OBJC_ARC = YES;
				CLANG_WARN_BOOL_CONVERSION = YES;
				CLANG_WARN_CONSTANT_CONVERSION = YES;
				CLANG_WARN_DIRECT_OBJC_ISA_USAGE = YES_ERROR;
				CLANG_WARN_DOCUMENTATION_COMMENTS = YES;
				CLANG_WARN_EMPTY_BODY = YES;
				CLANG_WARN_ENUM_CONVERSION = YES;
				CLANG_WARN_INFINITE_RECURSION = YES;
				CLANG_WARN_INT_CONVERSION = YES;
				CLANG_WARN_OBJC_ROOT_CLASS = YES_ERROR;
				CLANG_WARN_SUSPICIOUS_MOVES = YES;
				CLANG_WARN_UNREACHABLE_CODE = YES;
				CLANG_WARN__DUPLICATE_METHOD_MATCH = YES;
				"CODE_SIGN_IDENTITY[sdk=iphoneos*]" = "iPhone Developer";
				COPY_PHASE_STRIP = NO;
				DEBUG_INFORMATION_FORMAT = dwarf;
				ENABLE_STRICT_OBJC_MSGSEND = YES;
				ENABLE_TESTABILITY = YES;
				GCC_C_LANGUAGE_STANDARD = gnu99;
				GCC_DYNAMIC_NO_PIC = NO;
				GCC_NO_COMMON_BLOCKS = YES;
				GCC_OPTIMIZATION_LEVEL = 0;
				GCC_PREPROCESSOR_DEFINITIONS = (
					"DEBUG=1",
					"$(inherited)",
				);
				GCC_WARN_64_TO_32_BIT_CONVERSION = YES;
				GCC_WARN_ABOUT_RETURN_TYPE = YES_ERROR;
				GCC_WARN_UNDECLARED_SELECTOR = YES;
				GCC_WARN_UNINITIALIZED_AUTOS = YES_AGGRESSIVE;
				GCC_WARN_UNUSED_FUNCTION = YES;
				GCC_WARN_UNUSED_VARIABLE = YES;
				IPHONEOS_DEPLOYMENT_TARGET = 10.1;
				MTL_ENABLE_DEBUG_INFO = YES;
				ONLY_ACTIVE_ARCH = YES;
				SDKROOT = iphoneos;
				SWIFT_ACTIVE_COMPILATION_CONDITIONS = DEBUG;
				SWIFT_OPTIMIZATION_LEVEL = "-Onone";
				TARGETED_DEVICE_FAMILY = "1,2";
			};
			name = Debug;
		};
		861D594B1ED6B07D005400C0 /* Release */ = {
			isa = XCBuildConfiguration;
			buildSettings = {
				ALWAYS_SEARCH_USER_PATHS = NO;
				CLANG_ANALYZER_NONNULL = YES;
				CLANG_CXX_LANGUAGE_STANDARD = "gnu++0x";
				CLANG_CXX_LIBRARY = "libc++";
				CLANG_ENABLE_MODULES = YES;
				CLANG_ENABLE_OBJC_ARC = YES;
				CLANG_WARN_BOOL_CONVERSION = YES;
				CLANG_WARN_CONSTANT_CONVERSION = YES;
				CLANG_WARN_DIRECT_OBJC_ISA_USAGE = YES_ERROR;
				CLANG_WARN_DOCUMENTATION_COMMENTS = YES;
				CLANG_WARN_EMPTY_BODY = YES;
				CLANG_WARN_ENUM_CONVERSION = YES;
				CLANG_WARN_INFINITE_RECURSION = YES;
				CLANG_WARN_INT_CONVERSION = YES;
				CLANG_WARN_OBJC_ROOT_CLASS = YES_ERROR;
				CLANG_WARN_SUSPICIOUS_MOVES = YES;
				CLANG_WARN_UNREACHABLE_CODE = YES;
				CLANG_WARN__DUPLICATE_METHOD_MATCH = YES;
				"CODE_SIGN_IDENTITY[sdk=iphoneos*]" = "iPhone Developer";
				COPY_PHASE_STRIP = NO;
				DEBUG_INFORMATION_FORMAT = "dwarf-with-dsym";
				ENABLE_NS_ASSERTIONS = NO;
				ENABLE_STRICT_OBJC_MSGSEND = YES;
				GCC_C_LANGUAGE_STANDARD = gnu99;
				GCC_NO_COMMON_BLOCKS = YES;
				GCC_WARN_64_TO_32_BIT_CONVERSION = YES;
				GCC_WARN_ABOUT_RETURN_TYPE = YES_ERROR;
				GCC_WARN_UNDECLARED_SELECTOR = YES;
				GCC_WARN_UNINITIALIZED_AUTOS = YES_AGGRESSIVE;
				GCC_WARN_UNUSED_FUNCTION = YES;
				GCC_WARN_UNUSED_VARIABLE = YES;
				IPHONEOS_DEPLOYMENT_TARGET = 10.1;
				MTL_ENABLE_DEBUG_INFO = NO;
				SDKROOT = iphoneos;
				SWIFT_OPTIMIZATION_LEVEL = "-Owholemodule";
				TARGETED_DEVICE_FAMILY = "1,2";
				VALIDATE_PRODUCT = YES;
			};
			name = Release;
		};
		861D594D1ED6B07D005400C0 /* Debug */ = {
			isa = XCBuildConfiguration;
			buildSettings = {
				ASSETCATALOG_COMPILER_APPICON_NAME = AppIcon;
				INFOPLIST_FILE = MyUserView/Info.plist;
				LD_RUNPATH_SEARCH_PATHS = "$(inherited) @executable_path/Frameworks";
				PRODUCT_BUNDLE_IDENTIFIER = com.elegant.MyUserView;
				PRODUCT_NAME = "$(TARGET_NAME)";
				SWIFT_VERSION = 3.0;
			};
			name = Debug;
		};
		861D594E1ED6B07D005400C0 /* Release */ = {
			isa = XCBuildConfiguration;
			buildSettings = {
				ASSETCATALOG_COMPILER_APPICON_NAME = AppIcon;
				INFOPLIST_FILE = MyUserView/Info.plist;
				LD_RUNPATH_SEARCH_PATHS = "$(inherited) @executable_path/Frameworks";
				PRODUCT_BUNDLE_IDENTIFIER = com.elegant.MyUserView;
				PRODUCT_NAME = "$(TARGET_NAME)";
				SWIFT_VERSION = 3.0;
			};
			name = Release;
		};
/* End XCBuildConfiguration section */

/* Begin XCConfigurationList section */
		861D59351ED6B07D005400C0 /* Build configuration list for PBXProject "MyUserView" */ = {
			isa = XCConfigurationList;
			buildConfigurations = (
				861D594A1ED6B07D005400C0 /* Debug */,
				861D594B1ED6B07D005400C0 /* Release */,
			);
			defaultConfigurationIsVisible = 0;
			defaultConfigurationName = Release;
		};
		861D594C1ED6B07D005400C0 /* Build configuration list for PBXNativeTarget "MyUserView" */ = {
			isa = XCConfigurationList;
			buildConfigurations = (
				861D594D1ED6B07D005400C0 /* Debug */,
				861D594E1ED6B07D005400C0 /* Release */,
			);
			defaultConfigurationIsVisible = 0;
			defaultConfigurationName = Release;
		};
/* End XCConfigurationList section */
	};
	rootObject = 861D59321ED6B07D005400C0 /* Project object */;
}
